
Microsoft Visual Studio Solution File, Format Version 12.00
# Visual Studio 15
VisualStudioVersion = 15.0.28307.1000
MinimumVisualStudioVersion = 10.0.40219.1
Project("{FAE04EC0-301F-11D3-BF4B-00C04F79EFBC}") = "InscripcionDeEstudiantes", "InscripcionDeEstudiantes\InscripcionDeEstudiantes.csproj", "{EF15F0A6-5F09-4BB5-B8DF-EEA8A24474CF}"
EndProject
Global
	GlobalSection(SolutionConfigurationPlatforms) = preSolution
		Debug|Any CPU = Debug|Any CPU
		Release|Any CPU = Release|Any CPU
	EndGlobalSection
	GlobalSection(ProjectConfigurationPlatforms) = postSolution
		{EF15F0A6-5F09-4BB5-B8DF-EEA8A24474CF}.Debug|Any CPU.ActiveCfg = Debug|Any CPU
		{EF15F0A6-5F09-4BB5-B8DF-EEA8A24474CF}.Debug|Any CPU.Build.0 = Debug|Any CPU
		{EF15F0A6-5F09-4BB5-B8DF-EEA8A24474CF}.Release|Any CPU.ActiveCfg = Release|Any CPU
		{EF15F0A6-5F09-4BB5-B8DF-EEA8A24474CF}.Release|Any CPU.Build.0 = Release|Any CPU
	EndGlobalSection
	GlobalSection(SolutionProperties) = preSolution
		HideSolutionNode = FALSE
	EndGlobalSection
	GlobalSection(ExtensibilityGlobals) = postSolution
		SolutionGuid = {3174E31A-3CDF-450E-810D-1840A4DC21D9}
	EndGlobalSection
EndGlobal
